
Microsoft Visual Studio Solution File, Format Version 12.00
# Visual Studio Version 17
VisualStudioVersion = 17.10.35013.160
MinimumVisualStudioVersion = 10.0.40219.1
Project("{2150E333-8FDC-42A3-9474-1A3956D46DE8}") = "Tests", "Tests", "{19F8F184-BA80-452C-B461-4D487FDCBE15}"
EndProject
Project("{9A19103F-16F7-4668-BE54-9A1E7A4F7556}") = "MSDMarkwort.Kicad.Parser.PcbNew.Tests", "Tests\MSDMarkwort.Kicad.Parser.PcbNew.Tests\MSDMarkwort.Kicad.Parser.PcbNew.Tests.csproj", "{28AD89E3-39EF-4D78-AB53-D611D22D884E}"
EndProject
Project("{9A19103F-16F7-4668-BE54-9A1E7A4F7556}") = "MSDMarkwort.Kicad.Parser.Base", "MSDMarkwort.Kicad.Parser.Base\MSDMarkwort.Kicad.Parser.Base.csproj", "{2A483C1D-383F-440C-A444-5B6FD17E5565}"
EndProject
Project("{9A19103F-16F7-4668-BE54-9A1E7A4F7556}") = "MSDMarkwort.Kicad.Parser.PcbNew", "MSDMarkwort.Kicad.Parser.PcbNew\MSDMarkwort.Kicad.Parser.PcbNew.csproj", "{E6A0C246-14B6-49F4-906D-8F12AE7D3BB8}"
EndProject
Project("{9A19103F-16F7-4668-BE54-9A1E7A4F7556}") = "MSDMarkwort.Kicad.Parser.EESchema.Tests", "Tests\MSDMarkwort.Kicad.Parser.EESchema.Tests\MSDMarkwort.Kicad.Parser.EESchema.Tests.csproj", "{26498CC1-1D37-4E6F-B263-0862DCD4BC05}"
EndProject
Project("{2150E333-8FDC-42A3-9474-1A3956D46DE8}") = "EESchema", "EESchema", "{B2A9601D-B6EA-4BE2-9A65-38ECBF6DCD82}"
EndProject
Project("{2150E333-8FDC-42A3-9474-1A3956D46DE8}") = "PcbNew", "PcbNew", "{75A46F9D-6EE1-4305-AA7A-BF565B6DDC2B}"
EndProject
Project("{9A19103F-16F7-4668-BE54-9A1E7A4F7556}") = "MSDMarkwort.Kicad.Parser.EESchema", "MSDMarkwort.Kicad.Parser.EESchema\MSDMarkwort.Kicad.Parser.EESchema.csproj", "{0E4314D1-900E-4480-958D-7F5BCEB741C5}"
EndProject
Project("{2150E333-8FDC-42A3-9474-1A3956D46DE8}") = "Common", "Common", "{6C52D3CB-344B-401F-BDBE-87CC90B969DD}"
EndProject
Project("{9A19103F-16F7-4668-BE54-9A1E7A4F7556}") = "MSDMarkwort.Kicad.Parser.Model", "MSDMarkwort.Kicad.Parser.Model\MSDMarkwort.Kicad.Parser.Model.csproj", "{C3338BAD-8BF1-4C53-AF69-766A3B659215}"
EndProject
Project("{2150E333-8FDC-42A3-9474-1A3956D46DE8}") = "Project", "Project", "{FA1E7992-50C7-44D8-A068-516F139C0C6C}"
EndProject
Project("{9A19103F-16F7-4668-BE54-9A1E7A4F7556}") = "MSDMarkwort.Kicad.Parser.Project", "MSDMarkwort.Kicad.Parser.Project\MSDMarkwort.Kicad.Parser.Project.csproj", "{50F21DA8-717C-4E9B-AA88-CC103284C86E}"
EndProject
Project("{9A19103F-16F7-4668-BE54-9A1E7A4F7556}") = "MSDMarkwort.Kicad.Parser.Project.Tests", "Tests\MSDMarkwort.Kicad.Parser.Project.Tests\MSDMarkwort.Kicad.Parser.Project.Tests.csproj", "{F2330FC2-F8B7-4E89-9F3F-47FC54FBC45B}"
EndProject
Project("{9A19103F-16F7-4668-BE54-9A1E7A4F7556}") = "MSDMarkwort.Kicad.Parser.Base.Tests", "Tests\MSDMarkwort.Kicad.Parser.Base.Tests\MSDMarkwort.Kicad.Parser.Base.Tests.csproj", "{B5E8D9F1-2A3C-4567-8901-234567890ABC}"
EndProject
Project("{9A19103F-16F7-4668-BE54-9A1E7A4F7556}") = "MSDMarkwort.Kicad.Parser.Model.Tests", "Tests\MSDMarkwort.Kicad.Parser.Model.Tests\MSDMarkwort.Kicad.Parser.Model.Tests.csproj", "{C6F9E0A2-3B4D-5678-9012-345678901DEF}"
EndProject
Global
	GlobalSection(SolutionConfigurationPlatforms) = preSolution
		Debug|Any CPU = Debug|Any CPU
		Release|Any CPU = Release|Any CPU
	EndGlobalSection
	GlobalSection(ProjectConfigurationPlatforms) = postSolution
		{28AD89E3-39EF-4D78-AB53-D611D22D884E}.Debug|Any CPU.ActiveCfg = Debug|Any CPU
		{28AD89E3-39EF-4D78-AB53-D611D22D884E}.Debug|Any CPU.Build.0 = Debug|Any CPU
		{28AD89E3-39EF-4D78-AB53-D611D22D884E}.Release|Any CPU.ActiveCfg = Release|Any CPU
		{28AD89E3-39EF-4D78-AB53-D611D22D884E}.Release|Any CPU.Build.0 = Release|Any CPU
		{2A483C1D-383F-440C-A444-5B6FD17E5565}.Debug|Any CPU.ActiveCfg = Debug|Any CPU
		{2A483C1D-383F-440C-A444-5B6FD17E5565}.Debug|Any CPU.Build.0 = Debug|Any CPU
		{2A483C1D-383F-440C-A444-5B6FD17E5565}.Release|Any CPU.ActiveCfg = Release|Any CPU
		{2A483C1D-383F-440C-A444-5B6FD17E5565}.Release|Any CPU.Build.0 = Release|Any CPU
		{E6A0C246-14B6-49F4-906D-8F12AE7D3BB8}.Debug|Any CPU.ActiveCfg = Debug|Any CPU
		{E6A0C246-14B6-49F4-906D-8F12AE7D3BB8}.Debug|Any CPU.Build.0 = Debug|Any CPU
		{E6A0C246-14B6-49F4-906D-8F12AE7D3BB8}.Release|Any CPU.ActiveCfg = Release|Any CPU
		{E6A0C246-14B6-49F4-906D-8F12AE7D3BB8}.Release|Any CPU.Build.0 = Release|Any CPU
		{26498CC1-1D37-4E6F-B263-0862DCD4BC05}.Debug|Any CPU.ActiveCfg = Debug|Any CPU
		{26498CC1-1D37-4E6F-B263-0862DCD4BC05}.Debug|Any CPU.Build.0 = Debug|Any CPU
		{26498CC1-1D37-4E6F-B263-0862DCD4BC05}.Release|Any CPU.ActiveCfg = Release|Any CPU
		{26498CC1-1D37-4E6F-B263-0862DCD4BC05}.Release|Any CPU.Build.0 = Release|Any CPU
		{0E4314D1-900E-4480-958D-7F5BCEB741C5}.Debug|Any CPU.ActiveCfg = Debug|Any CPU
		{0E4314D1-900E-4480-958D-7F5BCEB741C5}.Debug|Any CPU.Build.0 = Debug|Any CPU
		{0E4314D1-900E-4480-958D-7F5BCEB741C5}.Release|Any CPU.ActiveCfg = Release|Any CPU
		{0E4314D1-900E-4480-958D-7F5BCEB741C5}.Release|Any CPU.Build.0 = Release|Any CPU
		{C3338BAD-8BF1-4C53-AF69-766A3B659215}.Debug|Any CPU.ActiveCfg = Debug|Any CPU
		{C3338BAD-8BF1-4C53-AF69-766A3B659215}.Debug|Any CPU.Build.0 = Debug|Any CPU
		{C3338BAD-8BF1-4C53-AF69-766A3B659215}.Release|Any CPU.ActiveCfg = Release|Any CPU
		{C3338BAD-8BF1-4C53-AF69-766A3B659215}.Release|Any CPU.Build.0 = Release|Any CPU
		{50F21DA8-717C-4E9B-AA88-CC103284C86E}.Debug|Any CPU.ActiveCfg = Debug|Any CPU
		{50F21DA8-717C-4E9B-AA88-CC103284C86E}.Debug|Any CPU.Build.0 = Debug|Any CPU
		{50F21DA8-717C-4E9B-AA88-CC103284C86E}.Release|Any CPU.ActiveCfg = Release|Any CPU
		{50F21DA8-717C-4E9B-AA88-CC103284C86E}.Release|Any CPU.Build.0 = Release|Any CPU
		{F2330FC2-F8B7-4E89-9F3F-47FC54FBC45B}.Debug|Any CPU.ActiveCfg = Debug|Any CPU
		{F2330FC2-F8B7-4E89-9F3F-47FC54FBC45B}.Debug|Any CPU.Build.0 = Debug|Any CPU
		{F2330FC2-F8B7-4E89-9F3F-47FC54FBC45B}.Release|Any CPU.ActiveCfg = Release|Any CPU
		{F2330FC2-F8B7-4E89-9F3F-47FC54FBC45B}.Release|Any CPU.Build.0 = Release|Any CPU
		{B5E8D9F1-2A3C-4567-8901-234567890ABC}.Debug|Any CPU.ActiveCfg = Debug|Any CPU
		{B5E8D9F1-2A3C-4567-8901-234567890ABC}.Debug|Any CPU.Build.0 = Debug|Any CPU
		{B5E8D9F1-2A3C-4567-8901-234567890ABC}.Release|Any CPU.ActiveCfg = Release|Any CPU
		{B5E8D9F1-2A3C-4567-8901-234567890ABC}.Release|Any CPU.Build.0 = Release|Any CPU
		{C6F9E0A2-3B4D-5678-9012-345678901DEF}.Debug|Any CPU.ActiveCfg = Debug|Any CPU
		{C6F9E0A2-3B4D-5678-9012-345678901DEF}.Debug|Any CPU.Build.0 = Debug|Any CPU
		{C6F9E0A2-3B4D-5678-9012-345678901DEF}.Release|Any CPU.ActiveCfg = Release|Any CPU
		{C6F9E0A2-3B4D-5678-9012-345678901DEF}.Release|Any CPU.Build.0 = Release|Any CPU
	EndGlobalSection
	GlobalSection(SolutionProperties) = preSolution
		HideSolutionNode = FALSE
	EndGlobalSection
	GlobalSection(NestedProjects) = preSolution
		{28AD89E3-39EF-4D78-AB53-D611D22D884E} = {19F8F184-BA80-452C-B461-4D487FDCBE15}
		{E6A0C246-14B6-49F4-906D-8F12AE7D3BB8} = {75A46F9D-6EE1-4305-AA7A-BF565B6DDC2B}
		{26498CC1-1D37-4E6F-B263-0862DCD4BC05} = {19F8F184-BA80-452C-B461-4D487FDCBE15}
		{0E4314D1-900E-4480-958D-7F5BCEB741C5} = {B2A9601D-B6EA-4BE2-9A65-38ECBF6DCD82}
		{C3338BAD-8BF1-4C53-AF69-766A3B659215} = {6C52D3CB-344B-401F-BDBE-87CC90B969DD}
		{50F21DA8-717C-4E9B-AA88-CC103284C86E} = {FA1E7992-50C7-44D8-A068-516F139C0C6C}
		{F2330FC2-F8B7-4E89-9F3F-47FC54FBC45B} = {19F8F184-BA80-452C-B461-4D487FDCBE15}
		{B5E8D9F1-2A3C-4567-8901-234567890ABC} = {19F8F184-BA80-452C-B461-4D487FDCBE15}
		{C6F9E0A2-3B4D-5678-9012-345678901DEF} = {19F8F184-BA80-452C-B461-4D487FDCBE15}
	EndGlobalSection
	GlobalSection(ExtensibilityGlobals) = postSolution
		SolutionGuid = {625F21DE-9A73-4420-88E3-04E7C3F83FD4}
	EndGlobalSection
EndGlobal
